// !$*UTF8*$!
{
	archiveVersion = 1;
	classes = {
	};
	objectVersion = 56;
	objects = {

/* Begin PBXBuildFile section */
		392EDB4D2FBC99FC00C4C999 /* BeamerPresenterApp.swift in Sources */ = {isa = PBXBuildFile; fileRef = 392EDB4C2FBC99FC00C4C999 /* BeamerPresenterApp.swift */; };
		392EDB4F2FBC99FC00C4C999 /* ContentView.swift in Sources */ = {isa = PBXBuildFile; fileRef = 392EDB4E2FBC99FC00C4C999 /* ContentView.swift */; };
		392EDB512FBC99FC00C4C999 /* Assets.xcassets in Resources */ = {isa = PBXBuildFile; fileRef = 392EDB502FBC99FC00C4C999 /* Assets.xcassets */; };
		392EDB542FBC99FC00C4C999 /* Preview Assets.xcassets in Resources */ = {isa = PBXBuildFile; fileRef = 392EDB532FBC99FC00C4C999 /* Preview Assets.xcassets */; };
		392EDB5C2FBC9A2C00C4C999 /* PresentationManager.swift in Sources */ = {isa = PBXBuildFile; fileRef = 392EDB5B2FBC9A2C00C4C999 /* PresentationManager.swift */; };
		392EDB842FBCABFE00C4C999 /* MultipeerConnectivity.framework in Frameworks */ = {isa = PBXBuildFile; fileRef = 392EDB822FBCABF900C4C999 /* MultipeerConnectivity.framework */; };
/* End PBXBuildFile section */

/* Begin PBXFileReference section */
		392EDB492FBC99FC00C4C999 /* BeamerPresenter.app */ = {isa = PBXFileReference; explicitFileType = wrapper.application; includeInIndex = 0; path = BeamerPresenter.app; sourceTree = BUILT_PRODUCTS_DIR; };
		392EDB4C2FBC99FC00C4C999 /* BeamerPresenterApp.swift */ = {isa = PBXFileReference; lastKnownFileType = sourcecode.swift; path = BeamerPresenterApp.swift; sourceTree = "<group>"; };
		392EDB4E2FBC99FC00C4C999 /* ContentView.swift */ = {isa = PBXFileReference; lastKnownFileType = sourcecode.swift; path = ContentView.swift; sourceTree = "<group>"; };
		392EDB502FBC99FC00C4C999 /* Assets.xcassets */ = {isa = PBXFileReference; lastKnownFileType = folder.assetcatalog; path = Assets.xcassets; sourceTree = "<group>"; };
		392EDB532FBC99FC00C4C999 /* Preview Assets.xcassets */ = {isa = PBXFileReference; lastKnownFileType = folder.assetcatalog; path = "Preview Assets.xcassets"; sourceTree = "<group>"; };
		392EDB552FBC99FC00C4C999 /* BeamerPresenter.entitlements */ = {isa = PBXFileReference; lastKnownFileType = text.plist.entitlements; path = BeamerPresenter.entitlements; sourceTree = "<group>"; };
		392EDB5B2FBC9A2C00C4C999 /* PresentationManager.swift */ = {isa = PBXFileReference; lastKnownFileType = sourcecode.swift; path = PresentationManager.swift; sourceTree = "<group>"; };
		392EDB792FBCA81400C4C999 /* Info.plist */ = {isa = PBXFileReference; lastKnownFileType = text.plist; path = Info.plist; sourceTree = "<group>"; };
		392EDB822FBCABF900C4C999 /* MultipeerConnectivity.framework */ = {isa = PBXFileReference; lastKnownFileType = wrapper.framework; name = MultipeerConnectivity.framework; path = System/Library/Frameworks/MultipeerConnectivity.framework; sourceTree = SDKROOT; };
/* End PBXFileReference section */

/* Begin PBXFrameworksBuildPhase section */
		392EDB462FBC99FC00C4C999 /* Frameworks */ = {
			isa = PBXFrameworksBuildPhase;
			buildActionMask = 2147483647;
			files = (
				392EDB842FBCABFE00C4C999 /* MultipeerConnectivity.framework in Frameworks */,
			);
			runOnlyForDeploymentPostprocessing = 0;
		};
/* End PBXFrameworksBuildPhase section */

/* Begin PBXGroup section */
		392EDB402FBC99FC00C4C999 = {
			isa = PBXGroup;
			children = (
				392EDB4B2FBC99FC00C4C999 /* BeamerPresenter */,
				392EDB4A2FBC99FC00C4C999 /* Products */,
				392EDB812FBCABF900C4C999 /* Frameworks */,
			);
			sourceTree = "<group>";
		};
		392EDB4A2FBC99FC00C4C999 /* Products */ = {
			isa = PBXGroup;
			children = (
				392EDB492FBC99FC00C4C999 /* BeamerPresenter.app */,
			);
			name = Products;
			sourceTree = "<group>";
		};
		392EDB4B2FBC99FC00C4C999 /* BeamerPresenter */ = {
			isa = PBXGroup;
			children = (
				392EDB792FBCA81400C4C999 /* Info.plist */,
				392EDB4C2FBC99FC00C4C999 /* BeamerPresenterApp.swift */,
				392EDB4E2FBC99FC00C4C999 /* ContentView.swift */,
				392EDB502FBC99FC00C4C999 /* Assets.xcassets */,
				392EDB552FBC99FC00C4C999 /* BeamerPresenter.entitlements */,
				392EDB522FBC99FC00C4C999 /* Preview Content */,
				392EDB5B2FBC9A2C00C4C999 /* PresentationManager.swift */,
			);
			path = BeamerPresenter;
			sourceTree = "<group>";
		};
		392EDB522FBC99FC00C4C999 /* Preview Content */ = {
			isa = PBXGroup;
			children = (
				392EDB532FBC99FC00C4C999 /* Preview Assets.xcassets */,
			);
			path = "Preview Content";
			sourceTree = "<group>";
		};
		392EDB812FBCABF900C4C999 /* Frameworks */ = {
			isa = PBXGroup;
			children = (
				392EDB822FBCABF900C4C999 /* MultipeerConnectivity.framework */,
			);
			name = Frameworks;
			sourceTree = "<group>";
		};
/* End PBXGroup section */

/* Begin PBXNativeTarget section */
		392EDB482FBC99FC00C4C999 /* BeamerPresenter */ = {
			isa = PBXNativeTarget;
			buildConfigurationList = 392EDB582FBC99FC00C4C999 /* Build configuration list for PBXNativeTarget "BeamerPresenter" */;
			buildPhases = (
				392EDB452FBC99FC00C4C999 /* Sources */,
				392EDB462FBC99FC00C4C999 /* Frameworks */,
				392EDB472FBC99FC00C4C999 /* Resources */,
			);
			buildRules = (
			);
			dependencies = (
			);
			name = BeamerPresenter;
			productName = BeamerPresenter;
			productReference = 392EDB492FBC99FC00C4C999 /* BeamerPresenter.app */;
			productType = "com.apple.product-type.application";
		};
/* End PBXNativeTarget section */

/* Begin PBXProject section */
		392EDB412FBC99FC00C4C999 /* Project object */ = {
			isa = PBXProject;
			attributes = {
				BuildIndependentTargetsInParallel = 1;
				LastSwiftUpdateCheck = 1540;
				LastUpgradeCheck = 1540;
				TargetAttributes = {
					392EDB482FBC99FC00C4C999 = {
						CreatedOnToolsVersion = 15.4;
					};
				};
			};
			buildConfigurationList = 392EDB442FBC99FC00C4C999 /* Build configuration list for PBXProject "BeamerPresenter" */;
			compatibilityVersion = "Xcode 14.0";
			developmentRegion = en;
			hasScannedForEncodings = 0;
			knownRegions = (
				en,
				Base,
			);
			mainGroup = 392EDB402FBC99FC00C4C999;
			productRefGroup = 392EDB4A2FBC99FC00C4C999 /* Products */;
			projectDirPath = "";
			projectRoot = "";
			targets = (
				392EDB482FBC99FC00C4C999 /* BeamerPresenter */,
			);
		};
/* End PBXProject section */

/* Begin PBXResourcesBuildPhase section */
		392EDB472FBC99FC00C4C999 /* Resources */ = {
			isa = PBXResourcesBuildPhase;
			buildActionMask = 2147483647;
			files = (
				392EDB542FBC99FC00C4C999 /* Preview Assets.xcassets in Resources */,
				392EDB512FBC99FC00C4C999 /* Assets.xcassets in Resources */,
			);
			runOnlyForDeploymentPostprocessing = 0;
		};
/* End PBXResourcesBuildPhase section */

/* Begin PBXSourcesBuildPhase section */
		392EDB452FBC99FC00C4C999 /* Sources */ = {
			isa = PBXSourcesBuildPhase;
			buildActionMask = 2147483647;
			files = (
				392EDB4F2FBC99FC00C4C999 /* ContentView.swift in Sources */,
				392EDB5C2FBC9A2C00C4C999 /* PresentationManager.swift in Sources */,
				392EDB4D2FBC99FC00C4C999 /* BeamerPresenterApp.swift in Sources */,
			);
			runOnlyForDeploymentPostprocessing = 0;
		};
/* End PBXSourcesBuildPhase section */

/* Begin XCBuildConfiguration section */
		392EDB562FBC99FC00C4C999 /* Debug */ = {
			isa = XCBuildConfiguration;
			buildSettings = {
				ALWAYS_SEARCH_USER_PATHS = NO;
				ASSETCATALOG_COMPILER_GENERATE_SWIFT_ASSET_SYMBOL_EXTENSIONS = YES;
				CLANG_ANALYZER_NONNULL = YES;
				CLANG_ANALYZER_NUMBER_OBJECT_CONVERSION = YES_AGGRESSIVE;
				CLANG_CXX_LANGUAGE_STANDARD = "gnu++20";
				CLANG_ENABLE_MODULES = YES;
				CLANG_ENABLE_OBJC_ARC = YES;
				CLANG_ENABLE_OBJC_WEAK = YES;
				CLANG_WARN_BLOCK_CAPTURE_AUTORELEASING = YES;
				CLANG_WARN_BOOL_CONVERSION = YES;
				CLANG_WARN_COMMA = YES;
				CLANG_WARN_CONSTANT_CONVERSION = YES;
				CLANG_WARN_DEPRECATED_OBJC_IMPLEMENTATIONS = YES;
				CLANG_WARN_DIRECT_OBJC_ISA_USAGE = YES_ERROR;
				CLANG_WARN_DOCUMENTATION_COMMENTS = YES;
				CLANG_WARN_EMPTY_BODY = YES;
				CLANG_WARN_ENUM_CONVERSION = YES;
				CLANG_WARN_INFINITE_RECURSION = YES;
				CLANG_WARN_INT_CONVERSION = YES;
				CLANG_WARN_NON_LITERAL_NULL_CONVERSION = YES;
				CLANG_WARN_OBJC_IMPLICIT_RETAIN_SELF = YES;
				CLANG_WARN_OBJC_LITERAL_CONVERSION = YES;
				CLANG_WARN_OBJC_ROOT_CLASS = YES_ERROR;
				CLANG_WARN_QUOTED_INCLUDE_IN_FRAMEWORK_HEADER = YES;
				CLANG_WARN_RANGE_LOOP_ANALYSIS = YES;
				CLANG_WARN_STRICT_PROTOTYPES = YES;
				CLANG_WARN_SUSPICIOUS_MOVE = YES;
				CLANG_WARN_UNGUARDED_AVAILABILITY = YES_AGGRESSIVE;
				CLANG_WARN_UNREACHABLE_CODE = YES;
				CLANG_WARN__DUPLICATE_METHOD_MATCH = YES;
				COPY_PHASE_STRIP = NO;
				DEBUG_INFORMATION_FORMAT = dwarf;
				ENABLE_STRICT_OBJC_MSGSEND = YES;
				ENABLE_TESTABILITY = YES;
				ENABLE_USER_SCRIPT_SANDBOXING = YES;
				GCC_C_LANGUAGE_STANDARD = gnu17;
				GCC_DYNAMIC_NO_PIC = NO;
				GCC_NO_COMMON_BLOCKS = YES;
				GCC_OPTIMIZATION_LEVEL = 0;
				GCC_PREPROCESSOR_DEFINITIONS = (
					"DEBUG=1",
					"$(inherited)",
				);
				GCC_WARN_64_TO_32_BIT_CONVERSION = YES;
				GCC_WARN_ABOUT_RETURN_TYPE = YES_ERROR;
				GCC_WARN_UNDECLARED_SELECTOR = YES;
				GCC_WARN_UNINITIALIZED_AUTOS = YES_AGGRESSIVE;
				GCC_WARN_UNUSED_FUNCTION = YES;
				GCC_WARN_UNUSED_VARIABLE = YES;
				LOCALIZATION_PREFERS_STRING_CATALOGS = YES;
				MACOSX_DEPLOYMENT_TARGET = 14.4;
				MTL_ENABLE_DEBUG_INFO = INCLUDE_SOURCE;
				MTL_FAST_MATH = YES;
				ONLY_ACTIVE_ARCH = YES;
				SDKROOT = macosx;
				SWIFT_ACTIVE_COMPILATION_CONDITIONS = "DEBUG $(inherited)";
				SWIFT_OPTIMIZATION_LEVEL = "-Onone";
			};
			name = Debug;
		};
		392EDB572FBC99FC00C4C999 /* Release */ = {
			isa = XCBuildConfiguration;
			buildSettings = {
				ALWAYS_SEARCH_USER_PATHS = NO;
				ASSETCATALOG_COMPILER_GENERATE_SWIFT_ASSET_SYMBOL_EXTENSIONS = YES;
				CLANG_ANALYZER_NONNULL = YES;
				CLANG_ANALYZER_NUMBER_OBJECT_CONVERSION = YES_AGGRESSIVE;
				CLANG_CXX_LANGUAGE_STANDARD = "gnu++20";
				CLANG_ENABLE_MODULES = YES;
				CLANG_ENABLE_OBJC_ARC = YES;
				CLANG_ENABLE_OBJC_WEAK = YES;
				CLANG_WARN_BLOCK_CAPTURE_AUTORELEASING = YES;
				CLANG_WARN_BOOL_CONVERSION = YES;
				CLANG_WARN_COMMA = YES;
				CLANG_WARN_CONSTANT_CONVERSION = YES;
				CLANG_WARN_DEPRECATED_OBJC_IMPLEMENTATIONS = YES;
				CLANG_WARN_DIRECT_OBJC_ISA_USAGE = YES_ERROR;
				CLANG_WARN_DOCUMENTATION_COMMENTS = YES;
				CLANG_WARN_EMPTY_BODY = YES;
				CLANG_WARN_ENUM_CONVERSION = YES;
				CLANG_WARN_INFINITE_RECURSION = YES;
				CLANG_WARN_INT_CONVERSION = YES;
				CLANG_WARN_NON_LITERAL_NULL_CONVERSION = YES;
				CLANG_WARN_OBJC_IMPLICIT_RETAIN_SELF = YES;
				CLANG_WARN_OBJC_LITERAL_CONVERSION = YES;
				CLANG_WARN_OBJC_ROOT_CLASS = YES_ERROR;
				CLANG_WARN_QUOTED_INCLUDE_IN_FRAMEWORK_HEADER = YES;
				CLANG_WARN_RANGE_LOOP_ANALYSIS = YES;
				CLANG_WARN_STRICT_PROTOTYPES = YES;
				CLANG_WARN_SUSPICIOUS_MOVE = YES;
				CLANG_WARN_UNGUARDED_AVAILABILITY = YES_AGGRESSIVE;
				CLANG_WARN_UNREACHABLE_CODE = YES;
				CLANG_WARN__DUPLICATE_METHOD_MATCH = YES;
				COPY_PHASE_STRIP = NO;
				DEBUG_INFORMATION_FORMAT = "dwarf-with-dsym";
				ENABLE_NS_ASSERTIONS = NO;
				ENABLE_STRICT_OBJC_MSGSEND = YES;
				ENABLE_USER_SCRIPT_SANDBOXING = YES;
				GCC_C_LANGUAGE_STANDARD = gnu17;
				GCC_NO_COMMON_BLOCKS = YES;
				GCC_WARN_64_TO_32_BIT_CONVERSION = YES;
				GCC_WARN_ABOUT_RETURN_TYPE = YES_ERROR;
				GCC_WARN_UNDECLARED_SELECTOR = YES;
				GCC_WARN_UNINITIALIZED_AUTOS = YES_AGGRESSIVE;
				GCC_WARN_UNUSED_FUNCTION = YES;
				GCC_WARN_UNUSED_VARIABLE = YES;
				LOCALIZATION_PREFERS_STRING_CATALOGS = YES;
				MACOSX_DEPLOYMENT_TARGET = 14.4;
				MTL_ENABLE_DEBUG_INFO = NO;
				MTL_FAST_MATH = YES;
				SDKROOT = macosx;
				SWIFT_COMPILATION_MODE = wholemodule;
			};
			name = Release;
		};
		392EDB592FBC99FC00C4C999 /* Debug */ = {
			isa = XCBuildConfiguration;
			buildSettings = {
				ASSETCATALOG_COMPILER_APPICON_NAME = AppIcon;
				ASSETCATALOG_COMPILER_GLOBAL_ACCENT_COLOR_NAME = AccentColor;
				CODE_SIGN_ENTITLEMENTS = BeamerPresenter/BeamerPresenter.entitlements;
				CODE_SIGN_STYLE = Automatic;
				COMBINE_HIDPI_IMAGES = YES;
				CURRENT_PROJECT_VERSION = 1;
				DEVELOPMENT_ASSET_PATHS = "\"BeamerPresenter/Preview Content\"";
				DEVELOPMENT_TEAM = D67ZT3S6S5;
				ENABLE_HARDENED_RUNTIME = YES;
				ENABLE_PREVIEWS = YES;
				GENERATE_INFOPLIST_FILE = YES;
				INFOPLIST_FILE = BeamerPresenter/Info.plist;
				INFOPLIST_KEY_NSHumanReadableCopyright = "";
				INFOPLIST_KEY_NSLocalNetworkUsageDescription = "This app needs local network access to communicate with the remote control.";
				LD_RUNPATH_SEARCH_PATHS = (
					"$(inherited)",
					"@executable_path/../Frameworks",
				);
				MARKETING_VERSION = 1.0;
				PRODUCT_BUNDLE_IDENTIFIER = FireIntrest.BeamerPresenter;
				PRODUCT_NAME = "$(TARGET_NAME)";
				SWIFT_EMIT_LOC_STRINGS = YES;
				SWIFT_VERSION = 5.0;
			};
			name = Debug;
		};
		392EDB5A2FBC99FC00C4C999 /* Release */ = {
			isa = XCBuildConfiguration;
			buildSettings = {
				ASSETCATALOG_COMPILER_APPICON_NAME = AppIcon;
				ASSETCATALOG_COMPILER_GLOBAL_ACCENT_COLOR_NAME = AccentColor;
				CODE_SIGN_ENTITLEMENTS = BeamerPresenter/BeamerPresenter.entitlements;
				CODE_SIGN_STYLE = Automatic;
				COMBINE_HIDPI_IMAGES = YES;
				CURRENT_PROJECT_VERSION = 1;
				DEVELOPMENT_ASSET_PATHS = "\"BeamerPresenter/Preview Content\"";
				DEVELOPMENT_TEAM = D67ZT3S6S5;
				ENABLE_HARDENED_RUNTIME = YES;
				ENABLE_PREVIEWS = YES;
				GENERATE_INFOPLIST_FILE = YES;
				INFOPLIST_FILE = BeamerPresenter/Info.plist;
				INFOPLIST_KEY_NSHumanReadableCopyright = "";
				INFOPLIST_KEY_NSLocalNetworkUsageDescription = "This app needs local network access to communicate with the remote control.";
				LD_RUNPATH_SEARCH_PATHS = (
					"$(inherited)",
					"@executable_path/../Frameworks",
				);
				MARKETING_VERSION = 1.0;
				PRODUCT_BUNDLE_IDENTIFIER = FireIntrest.BeamerPresenter;
				PRODUCT_NAME = "$(TARGET_NAME)";
				SWIFT_EMIT_LOC_STRINGS = YES;
				SWIFT_VERSION = 5.0;
			};
			name = Release;
		};
/* End XCBuildConfiguration section */

/* Begin XCConfigurationList section */
		392EDB442FBC99FC00C4C999 /* Build configuration list for PBXProject "BeamerPresenter" */ = {
			isa = XCConfigurationList;
			buildConfigurations = (
				392EDB562FBC99FC00C4C999 /* Debug */,
				392EDB572FBC99FC00C4C999 /* Release */,
			);
			defaultConfigurationIsVisible = 0;
			defaultConfigurationName = Release;
		};
		392EDB582FBC99FC00C4C999 /* Build configuration list for PBXNativeTarget "BeamerPresenter" */ = {
			isa = XCConfigurationList;
			buildConfigurations = (
				392EDB592FBC99FC00C4C999 /* Debug */,
				392EDB5A2FBC99FC00C4C999 /* Release */,
			);
			defaultConfigurationIsVisible = 0;
			defaultConfigurationName = Release;
		};
/* End XCConfigurationList section */
	};
	rootObject = 392EDB412FBC99FC00C4C999 /* Project object */;
}
